# Generated by pub
# See https://dart.dev/tools/pub/glossary#lockfile
packages:
  whois:
    dependency: "direct main"
    description:
      name: whois
      sha256: a1f9269b11be238bd0db0a9d9bf168a6a2036ebb655378fe970bfdbf4fdcbcd5
      url: "https://pub.dev"
    source: hosted
    version: "1.0.0"
sdks:
  dart: ">=3.0.0 <4.0.0"
